
Microsoft Visual Studio Solution File, Format Version 12.00
# Visual Studio Version 16
VisualStudioVersion = 16.0.32407.337
MinimumVisualStudioVersion = 10.0.40219.1
Project("{FAE04EC0-301F-11D3-BF4B-00C04F79EFBC}") = "QLXeBuyt", "QLXeBuyt.csproj", "{DE743781-5754-45FD-B5FE-315F6731B164}"
EndProject
Global
	GlobalSection(SolutionConfigurationPlatforms) = preSolution
		Debug|Any CPU = Debug|Any CPU
		Release|Any CPU = Release|Any CPU
	EndGlobalSection
	GlobalSection(ProjectConfigurationPlatforms) = postSolution
		{DE743781-5754-45FD-B5FE-315F6731B164}.Debug|Any CPU.ActiveCfg = Debug|Any CPU
		{DE743781-5754-45FD-B5FE-315F6731B164}.Debug|Any CPU.Build.0 = Debug|Any CPU
		{DE743781-5754-45FD-B5FE-315F6731B164}.Release|Any CPU.ActiveCfg = Release|Any CPU
		{DE743781-5754-45FD-B5FE-315F6731B164}.Release|Any CPU.Build.0 = Release|Any CPU
	EndGlobalSection
	GlobalSection(SolutionProperties) = preSolution
		HideSolutionNode = FALSE
	EndGlobalSection
	GlobalSection(ExtensibilityGlobals) = postSolution
		SolutionGuid = {D01C74C9-CC12-48FF-8765-D0ED8DCD89A5}
	EndGlobalSection
EndGlobal
